// !$*UTF8*$!
{
	archiveVersion = 1;
	classes = {
	};
	objectVersion = 52;
	objects = {

/* Begin PBXBuildFile section */
		539E474C2499BED3006707E9 /* AppDelegate.swift in Sources */ = {isa = PBXBuildFile; fileRef = 539E474B2499BED3006707E9 /* AppDelegate.swift */; };
		539E474E2499BED3006707E9 /* SceneDelegate.swift in Sources */ = {isa = PBXBuildFile; fileRef = 539E474D2499BED3006707E9 /* SceneDelegate.swift */; };
		539E47502499BED3006707E9 /* ContentView.swift in Sources */ = {isa = PBXBuildFile; fileRef = 539E474F2499BED3006707E9 /* ContentView.swift */; };
		539E47522499BED6006707E9 /* Assets.xcassets in Resources */ = {isa = PBXBuildFile; fileRef = 539E47512499BED6006707E9 /* Assets.xcassets */; };
		539E47552499BED6006707E9 /* Preview Assets.xcassets in Resources */ = {isa = PBXBuildFile; fileRef = 539E47542499BED6006707E9 /* Preview Assets.xcassets */; };
		539E47582499BED6006707E9 /* LaunchScreen.storyboard in Resources */ = {isa = PBXBuildFile; fileRef = 539E47562499BED6006707E9 /* LaunchScreen.storyboard */; };
		539E47602499BEEF006707E9 /* knifelist.swift in Sources */ = {isa = PBXBuildFile; fileRef = 539E475F2499BEEF006707E9 /* knifelist.swift */; };
		539E47622499BF04006707E9 /* kniferow.swift in Sources */ = {isa = PBXBuildFile; fileRef = 539E47612499BF04006707E9 /* kniferow.swift */; };
		539E47642499BF1D006707E9 /* knifedetail.swift in Sources */ = {isa = PBXBuildFile; fileRef = 539E47632499BF1D006707E9 /* knifedetail.swift */; };
		539E47682499BF54006707E9 /* data.swift in Sources */ = {isa = PBXBuildFile; fileRef = 539E47672499BF54006707E9 /* data.swift */; };
		539E476B2499C2CF006707E9 /* KingfisherStatic in Frameworks */ = {isa = PBXBuildFile; productRef = 539E476A2499C2CF006707E9 /* KingfisherStatic */; };
		539E476D2499C2CF006707E9 /* KingfisherSwiftUIStatic in Frameworks */ = {isa = PBXBuildFile; productRef = 539E476C2499C2CF006707E9 /* KingfisherSwiftUIStatic */; };
		539E476F2499C2CF006707E9 /* KingfisherDynamic in Frameworks */ = {isa = PBXBuildFile; productRef = 539E476E2499C2CF006707E9 /* KingfisherDynamic */; };
		539E47702499C2CF006707E9 /* KingfisherDynamic in Embed Frameworks */ = {isa = PBXBuildFile; productRef = 539E476E2499C2CF006707E9 /* KingfisherDynamic */; settings = {ATTRIBUTES = (CodeSignOnCopy, ); }; };
		539E47722499C2CF006707E9 /* Kingfisher in Frameworks */ = {isa = PBXBuildFile; productRef = 539E47712499C2CF006707E9 /* Kingfisher */; };
		539E47742499C2CF006707E9 /* KingfisherSwiftUIDynamic in Frameworks */ = {isa = PBXBuildFile; productRef = 539E47732499C2CF006707E9 /* KingfisherSwiftUIDynamic */; };
		539E47752499C2CF006707E9 /* KingfisherSwiftUIDynamic in Embed Frameworks */ = {isa = PBXBuildFile; productRef = 539E47732499C2CF006707E9 /* KingfisherSwiftUIDynamic */; settings = {ATTRIBUTES = (CodeSignOnCopy, ); }; };
		539E47772499C2CF006707E9 /* KingfisherSwiftUI in Frameworks */ = {isa = PBXBuildFile; productRef = 539E47762499C2CF006707E9 /* KingfisherSwiftUI */; };
		539E477A2499E013006707E9 /* marvel.swift in Sources */ = {isa = PBXBuildFile; fileRef = 539E47792499E013006707E9 /* marvel.swift */; };
		539E477E2499F8DA006707E9 /* marvellist.swift in Sources */ = {isa = PBXBuildFile; fileRef = 539E477D2499F8DA006707E9 /* marvellist.swift */; };
		539E47802499FB67006707E9 /* marvaldata.swift in Sources */ = {isa = PBXBuildFile; fileRef = 539E477F2499FB67006707E9 /* marvaldata.swift */; };
		539E47822499FFDA006707E9 /* marvelrow.swift in Sources */ = {isa = PBXBuildFile; fileRef = 539E47812499FFDA006707E9 /* marvelrow.swift */; };
		539E47842499FFEA006707E9 /* marveldetail.swift in Sources */ = {isa = PBXBuildFile; fileRef = 539E47832499FFEA006707E9 /* marveldetail.swift */; };
		539E4786249A11B1006707E9 /* map.swift in Sources */ = {isa = PBXBuildFile; fileRef = 539E4785249A11B1006707E9 /* map.swift */; };
		53CCF9F924A1F6C200ED2E9F /* ImagePickerController.swift in Sources */ = {isa = PBXBuildFile; fileRef = 53CCF9F824A1F6C200ED2E9F /* ImagePickerController.swift */; };
		53CCF9FB24A1FBC700ED2E9F /* CheckImage.swift in Sources */ = {isa = PBXBuildFile; fileRef = 53CCF9FA24A1FBC700ED2E9F /* CheckImage.swift */; };
/* End PBXBuildFile section */

/* Begin PBXCopyFilesBuildPhase section */
		539E47782499C2CF006707E9 /* Embed Frameworks */ = {
			isa = PBXCopyFilesBuildPhase;
			buildActionMask = 2147483647;
			dstPath = "";
			dstSubfolderSpec = 10;
			files = (
				539E47752499C2CF006707E9 /* KingfisherSwiftUIDynamic in Embed Frameworks */,
				539E47702499C2CF006707E9 /* KingfisherDynamic in Embed Frameworks */,
			);
			name = "Embed Frameworks";
			runOnlyForDeploymentPostprocessing = 0;
		};
/* End PBXCopyFilesBuildPhase section */

/* Begin PBXFileReference section */
		539E47482499BED3006707E9 /* hw5.app */ = {isa = PBXFileReference; explicitFileType = wrapper.application; includeInIndex = 0; path = hw5.app; sourceTree = BUILT_PRODUCTS_DIR; };
		539E474B2499BED3006707E9 /* AppDelegate.swift */ = {isa = PBXFileReference; lastKnownFileType = sourcecode.swift; path = AppDelegate.swift; sourceTree = "<group>"; };
		539E474D2499BED3006707E9 /* SceneDelegate.swift */ = {isa = PBXFileReference; lastKnownFileType = sourcecode.swift; path = SceneDelegate.swift; sourceTree = "<group>"; };
		539E474F2499BED3006707E9 /* ContentView.swift */ = {isa = PBXFileReference; lastKnownFileType = sourcecode.swift; path = ContentView.swift; sourceTree = "<group>"; };
		539E47512499BED6006707E9 /* Assets.xcassets */ = {isa = PBXFileReference; lastKnownFileType = folder.assetcatalog; path = Assets.xcassets; sourceTree = "<group>"; };
		539E47542499BED6006707E9 /* Preview Assets.xcassets */ = {isa = PBXFileReference; lastKnownFileType = folder.assetcatalog; path = "Preview Assets.xcassets"; sourceTree = "<group>"; };
		539E47572499BED6006707E9 /* Base */ = {isa = PBXFileReference; lastKnownFileType = file.storyboard; name = Base; path = Base.lproj/LaunchScreen.storyboard; sourceTree = "<group>"; };
		539E47592499BED6006707E9 /* Info.plist */ = {isa = PBXFileReference; lastKnownFileType = text.plist.xml; path = Info.plist; sourceTree = "<group>"; };
		539E475F2499BEEF006707E9 /* knifelist.swift */ = {isa = PBXFileReference; lastKnownFileType = sourcecode.swift; path = knifelist.swift; sourceTree = "<group>"; };
		539E47612499BF04006707E9 /* kniferow.swift */ = {isa = PBXFileReference; lastKnownFileType = sourcecode.swift; path = kniferow.swift; sourceTree = "<group>"; };
		539E47632499BF1D006707E9 /* knifedetail.swift */ = {isa = PBXFileReference; lastKnownFileType = sourcecode.swift; path = knifedetail.swift; sourceTree = "<group>"; };
		539E47672499BF54006707E9 /* data.swift */ = {isa = PBXFileReference; lastKnownFileType = sourcecode.swift; path = data.swift; sourceTree = "<group>"; };
		539E47792499E013006707E9 /* marvel.swift */ = {isa = PBXFileReference; lastKnownFileType = sourcecode.swift; path = marvel.swift; sourceTree = "<group>"; };
		539E477D2499F8DA006707E9 /* marvellist.swift */ = {isa = PBXFileReference; lastKnownFileType = sourcecode.swift; path = marvellist.swift; sourceTree = "<group>"; };
		539E477F2499FB67006707E9 /* marvaldata.swift */ = {isa = PBXFileReference; lastKnownFileType = sourcecode.swift; path = marvaldata.swift; sourceTree = "<group>"; };
		539E47812499FFDA006707E9 /* marvelrow.swift */ = {isa = PBXFileReference; lastKnownFileType = sourcecode.swift; path = marvelrow.swift; sourceTree = "<group>"; };
		539E47832499FFEA006707E9 /* marveldetail.swift */ = {isa = PBXFileReference; lastKnownFileType = sourcecode.swift; path = marveldetail.swift; sourceTree = "<group>"; };
		539E4785249A11B1006707E9 /* map.swift */ = {isa = PBXFileReference; lastKnownFileType = sourcecode.swift; path = map.swift; sourceTree = "<group>"; };
		53CCF9F824A1F6C200ED2E9F /* ImagePickerController.swift */ = {isa = PBXFileReference; lastKnownFileType = sourcecode.swift; path = ImagePickerController.swift; sourceTree = "<group>"; };
		53CCF9FA24A1FBC700ED2E9F /* CheckImage.swift */ = {isa = PBXFileReference; lastKnownFileType = sourcecode.swift; path = CheckImage.swift; sourceTree = "<group>"; };
/* End PBXFileReference section */

/* Begin PBXFrameworksBuildPhase section */
		539E47452499BED3006707E9 /* Frameworks */ = {
			isa = PBXFrameworksBuildPhase;
			buildActionMask = 2147483647;
			files = (
				539E47772499C2CF006707E9 /* KingfisherSwiftUI in Frameworks */,
				539E47742499C2CF006707E9 /* KingfisherSwiftUIDynamic in Frameworks */,
				539E47722499C2CF006707E9 /* Kingfisher in Frameworks */,
				539E476D2499C2CF006707E9 /* KingfisherSwiftUIStatic in Frameworks */,
				539E476F2499C2CF006707E9 /* KingfisherDynamic in Frameworks */,
				539E476B2499C2CF006707E9 /* KingfisherStatic in Frameworks */,
			);
			runOnlyForDeploymentPostprocessing = 0;
		};
/* End PBXFrameworksBuildPhase section */

/* Begin PBXGroup section */
		539E473F2499BED3006707E9 = {
			isa = PBXGroup;
			children = (
				539E474A2499BED3006707E9 /* hw5 */,
				539E47492499BED3006707E9 /* Products */,
			);
			sourceTree = "<group>";
		};
		539E47492499BED3006707E9 /* Products */ = {
			isa = PBXGroup;
			children = (
				539E47482499BED3006707E9 /* hw5.app */,
			);
			name = Products;
			sourceTree = "<group>";
		};
		539E474A2499BED3006707E9 /* hw5 */ = {
			isa = PBXGroup;
			children = (
				539E474B2499BED3006707E9 /* AppDelegate.swift */,
				539E474D2499BED3006707E9 /* SceneDelegate.swift */,
				539E474F2499BED3006707E9 /* ContentView.swift */,
				539E4785249A11B1006707E9 /* map.swift */,
				539E475F2499BEEF006707E9 /* knifelist.swift */,
				539E47612499BF04006707E9 /* kniferow.swift */,
				539E47632499BF1D006707E9 /* knifedetail.swift */,
				539E47672499BF54006707E9 /* data.swift */,
				539E47792499E013006707E9 /* marvel.swift */,
				539E477D2499F8DA006707E9 /* marvellist.swift */,
				539E47812499FFDA006707E9 /* marvelrow.swift */,
				539E47832499FFEA006707E9 /* marveldetail.swift */,
				53CCF9FA24A1FBC700ED2E9F /* CheckImage.swift */,
				53CCF9F824A1F6C200ED2E9F /* ImagePickerController.swift */,
				539E477F2499FB67006707E9 /* marvaldata.swift */,
				539E47512499BED6006707E9 /* Assets.xcassets */,
				539E47562499BED6006707E9 /* LaunchScreen.storyboard */,
				539E47592499BED6006707E9 /* Info.plist */,
				539E47532499BED6006707E9 /* Preview Content */,
			);
			path = hw5;
			sourceTree = "<group>";
		};
		539E47532499BED6006707E9 /* Preview Content */ = {
			isa = PBXGroup;
			children = (
				539E47542499BED6006707E9 /* Preview Assets.xcassets */,
			);
			path = "Preview Content";
			sourceTree = "<group>";
		};
/* End PBXGroup section */

/* Begin PBXNativeTarget section */
		539E47472499BED3006707E9 /* hw5 */ = {
			isa = PBXNativeTarget;
			buildConfigurationList = 539E475C2499BED6006707E9 /* Build configuration list for PBXNativeTarget "hw5" */;
			buildPhases = (
				539E47442499BED3006707E9 /* Sources */,
				539E47452499BED3006707E9 /* Frameworks */,
				539E47462499BED3006707E9 /* Resources */,
				539E47782499C2CF006707E9 /* Embed Frameworks */,
			);
			buildRules = (
			);
			dependencies = (
			);
			name = hw5;
			packageProductDependencies = (
				539E476A2499C2CF006707E9 /* KingfisherStatic */,
				539E476C2499C2CF006707E9 /* KingfisherSwiftUIStatic */,
				539E476E2499C2CF006707E9 /* KingfisherDynamic */,
				539E47712499C2CF006707E9 /* Kingfisher */,
				539E47732499C2CF006707E9 /* KingfisherSwiftUIDynamic */,
				539E47762499C2CF006707E9 /* KingfisherSwiftUI */,
			);
			productName = hw5;
			productReference = 539E47482499BED3006707E9 /* hw5.app */;
			productType = "com.apple.product-type.application";
		};
/* End PBXNativeTarget section */

/* Begin PBXProject section */
		539E47402499BED3006707E9 /* Project object */ = {
			isa = PBXProject;
			attributes = {
				LastSwiftUpdateCheck = 1110;
				LastUpgradeCheck = 1110;
				ORGANIZATIONNAME = 00457122;
				TargetAttributes = {
					539E47472499BED3006707E9 = {
						CreatedOnToolsVersion = 11.1;
					};
				};
			};
			buildConfigurationList = 539E47432499BED3006707E9 /* Build configuration list for PBXProject "hw5" */;
			compatibilityVersion = "Xcode 9.3";
			developmentRegion = en;
			hasScannedForEncodings = 0;
			knownRegions = (
				en,
				Base,
			);
			mainGroup = 539E473F2499BED3006707E9;
			packageReferences = (
				539E47692499C2CF006707E9 /* XCRemoteSwiftPackageReference "Kingfisher" */,
			);
			productRefGroup = 539E47492499BED3006707E9 /* Products */;
			projectDirPath = "";
			projectRoot = "";
			targets = (
				539E47472499BED3006707E9 /* hw5 */,
			);
		};
/* End PBXProject section */

/* Begin PBXResourcesBuildPhase section */
		539E47462499BED3006707E9 /* Resources */ = {
			isa = PBXResourcesBuildPhase;
			buildActionMask = 2147483647;
			files = (
				539E47582499BED6006707E9 /* LaunchScreen.storyboard in Resources */,
				539E47552499BED6006707E9 /* Preview Assets.xcassets in Resources */,
				539E47522499BED6006707E9 /* Assets.xcassets in Resources */,
			);
			runOnlyForDeploymentPostprocessing = 0;
		};
/* End PBXResourcesBuildPhase section */

/* Begin PBXSourcesBuildPhase section */
		539E47442499BED3006707E9 /* Sources */ = {
			isa = PBXSourcesBuildPhase;
			buildActionMask = 2147483647;
			files = (
				539E4786249A11B1006707E9 /* map.swift in Sources */,
				53CCF9FB24A1FBC700ED2E9F /* CheckImage.swift in Sources */,
				539E474C2499BED3006707E9 /* AppDelegate.swift in Sources */,
				539E47802499FB67006707E9 /* marvaldata.swift in Sources */,
				539E474E2499BED3006707E9 /* SceneDelegate.swift in Sources */,
				539E47642499BF1D006707E9 /* knifedetail.swift in Sources */,
				53CCF9F924A1F6C200ED2E9F /* ImagePickerController.swift in Sources */,
				539E47502499BED3006707E9 /* ContentView.swift in Sources */,
				539E47622499BF04006707E9 /* kniferow.swift in Sources */,
				539E47842499FFEA006707E9 /* marveldetail.swift in Sources */,
				539E47682499BF54006707E9 /* data.swift in Sources */,
				539E477E2499F8DA006707E9 /* marvellist.swift in Sources */,
				539E477A2499E013006707E9 /* marvel.swift in Sources */,
				539E47822499FFDA006707E9 /* marvelrow.swift in Sources */,
				539E47602499BEEF006707E9 /* knifelist.swift in Sources */,
			);
			runOnlyForDeploymentPostprocessing = 0;
		};
/* End PBXSourcesBuildPhase section */

/* Begin PBXVariantGroup section */
		539E47562499BED6006707E9 /* LaunchScreen.storyboard */ = {
			isa = PBXVariantGroup;
			children = (
				539E47572499BED6006707E9 /* Base */,
			);
			name = LaunchScreen.storyboard;
			sourceTree = "<group>";
		};
/* End PBXVariantGroup section */

/* Begin XCBuildConfiguration section */
		539E475A2499BED6006707E9 /* Debug */ = {
			isa = XCBuildConfiguration;
			buildSettings = {
				ALWAYS_SEARCH_USER_PATHS = NO;
				CLANG_ANALYZER_NONNULL = YES;
				CLANG_ANALYZER_NUMBER_OBJECT_CONVERSION = YES_AGGRESSIVE;
				CLANG_CXX_LANGUAGE_STANDARD = "gnu++14";
				CLANG_CXX_LIBRARY = "libc++";
				CLANG_ENABLE_MODULES = YES;
				CLANG_ENABLE_OBJC_ARC = YES;
				CLANG_ENABLE_OBJC_WEAK = YES;
				CLANG_WARN_BLOCK_CAPTURE_AUTORELEASING = YES;
				CLANG_WARN_BOOL_CONVERSION = YES;
				CLANG_WARN_COMMA = YES;
				CLANG_WARN_CONSTANT_CONVERSION = YES;
				CLANG_WARN_DEPRECATED_OBJC_IMPLEMENTATIONS = YES;
				CLANG_WARN_DIRECT_OBJC_ISA_USAGE = YES_ERROR;
				CLANG_WARN_DOCUMENTATION_COMMENTS = YES;
				CLANG_WARN_EMPTY_BODY = YES;
				CLANG_WARN_ENUM_CONVERSION = YES;
				CLANG_WARN_INFINITE_RECURSION = YES;
				CLANG_WARN_INT_CONVERSION = YES;
				CLANG_WARN_NON_LITERAL_NULL_CONVERSION = YES;
				CLANG_WARN_OBJC_IMPLICIT_RETAIN_SELF = YES;
				CLANG_WARN_OBJC_LITERAL_CONVERSION = YES;
				CLANG_WARN_OBJC_ROOT_CLASS = YES_ERROR;
				CLANG_WARN_RANGE_LOOP_ANALYSIS = YES;
				CLANG_WARN_STRICT_PROTOTYPES = YES;
				CLANG_WARN_SUSPICIOUS_MOVE = YES;
				CLANG_WARN_UNGUARDED_AVAILABILITY = YES_AGGRESSIVE;
				CLANG_WARN_UNREACHABLE_CODE = YES;
				CLANG_WARN__DUPLICATE_METHOD_MATCH = YES;
				COPY_PHASE_STRIP = NO;
				DEBUG_INFORMATION_FORMAT = dwarf;
				ENABLE_STRICT_OBJC_MSGSEND = YES;
				ENABLE_TESTABILITY = YES;
				GCC_C_LANGUAGE_STANDARD = gnu11;
				GCC_DYNAMIC_NO_PIC = NO;
				GCC_NO_COMMON_BLOCKS = YES;
				GCC_OPTIMIZATION_LEVEL = 0;
				GCC_PREPROCESSOR_DEFINITIONS = (
					"DEBUG=1",
					"$(inherited)",
				);
				GCC_WARN_64_TO_32_BIT_CONVERSION = YES;
				GCC_WARN_ABOUT_RETURN_TYPE = YES_ERROR;
				GCC_WARN_UNDECLARED_SELECTOR = YES;
				GCC_WARN_UNINITIALIZED_AUTOS = YES_AGGRESSIVE;
				GCC_WARN_UNUSED_FUNCTION = YES;
				GCC_WARN_UNUSED_VARIABLE = YES;
				IPHONEOS_DEPLOYMENT_TARGET = 13.1;
				MTL_ENABLE_DEBUG_INFO = INCLUDE_SOURCE;
				MTL_FAST_MATH = YES;
				ONLY_ACTIVE_ARCH = YES;
				SDKROOT = iphoneos;
				SWIFT_ACTIVE_COMPILATION_CONDITIONS = DEBUG;
				SWIFT_OPTIMIZATION_LEVEL = "-Onone";
			};
			name = Debug;
		};
		539E475B2499BED6006707E9 /* Release */ = {
			isa = XCBuildConfiguration;
			buildSettings = {
				ALWAYS_SEARCH_USER_PATHS = NO;
				CLANG_ANALYZER_NONNULL = YES;
				CLANG_ANALYZER_NUMBER_OBJECT_CONVERSION = YES_AGGRESSIVE;
				CLANG_CXX_LANGUAGE_STANDARD = "gnu++14";
				CLANG_CXX_LIBRARY = "libc++";
				CLANG_ENABLE_MODULES = YES;
				CLANG_ENABLE_OBJC_ARC = YES;
				CLANG_ENABLE_OBJC_WEAK = YES;
				CLANG_WARN_BLOCK_CAPTURE_AUTORELEASING = YES;
				CLANG_WARN_BOOL_CONVERSION = YES;
				CLANG_WARN_COMMA = YES;
				CLANG_WARN_CONSTANT_CONVERSION = YES;
				CLANG_WARN_DEPRECATED_OBJC_IMPLEMENTATIONS = YES;
				CLANG_WARN_DIRECT_OBJC_ISA_USAGE = YES_ERROR;
				CLANG_WARN_DOCUMENTATION_COMMENTS = YES;
				CLANG_WARN_EMPTY_BODY = YES;
				CLANG_WARN_ENUM_CONVERSION = YES;
				CLANG_WARN_INFINITE_RECURSION = YES;
				CLANG_WARN_INT_CONVERSION = YES;
				CLANG_WARN_NON_LITERAL_NULL_CONVERSION = YES;
				CLANG_WARN_OBJC_IMPLICIT_RETAIN_SELF = YES;
				CLANG_WARN_OBJC_LITERAL_CONVERSION = YES;
				CLANG_WARN_OBJC_ROOT_CLASS = YES_ERROR;
				CLANG_WARN_RANGE_LOOP_ANALYSIS = YES;
				CLANG_WARN_STRICT_PROTOTYPES = YES;
				CLANG_WARN_SUSPICIOUS_MOVE = YES;
				CLANG_WARN_UNGUARDED_AVAILABILITY = YES_AGGRESSIVE;
				CLANG_WARN_UNREACHABLE_CODE = YES;
				CLANG_WARN__DUPLICATE_METHOD_MATCH = YES;
				COPY_PHASE_STRIP = NO;
				DEBUG_INFORMATION_FORMAT = "dwarf-with-dsym";
				ENABLE_NS_ASSERTIONS = NO;
				ENABLE_STRICT_OBJC_MSGSEND = YES;
				GCC_C_LANGUAGE_STANDARD = gnu11;
				GCC_NO_COMMON_BLOCKS = YES;
				GCC_WARN_64_TO_32_BIT_CONVERSION = YES;
				GCC_WARN_ABOUT_RETURN_TYPE = YES_ERROR;
				GCC_WARN_UNDECLARED_SELECTOR = YES;
				GCC_WARN_UNINITIALIZED_AUTOS = YES_AGGRESSIVE;
				GCC_WARN_UNUSED_FUNCTION = YES;
				GCC_WARN_UNUSED_VARIABLE = YES;
				IPHONEOS_DEPLOYMENT_TARGET = 13.1;
				MTL_ENABLE_DEBUG_INFO = NO;
				MTL_FAST_MATH = YES;
				SDKROOT = iphoneos;
				SWIFT_COMPILATION_MODE = wholemodule;
				SWIFT_OPTIMIZATION_LEVEL = "-O";
				VALIDATE_PRODUCT = YES;
			};
			name = Release;
		};
		539E475D2499BED6006707E9 /* Debug */ = {
			isa = XCBuildConfiguration;
			buildSettings = {
				ASSETCATALOG_COMPILER_APPICON_NAME = AppIcon;
				CODE_SIGN_STYLE = Automatic;
				DEVELOPMENT_ASSET_PATHS = "\"hw5/Preview Content\"";
				ENABLE_PREVIEWS = YES;
				INFOPLIST_FILE = hw5/Info.plist;
				LD_RUNPATH_SEARCH_PATHS = (
					"$(inherited)",
					"@executable_path/Frameworks",
				);
				PRODUCT_BUNDLE_IDENTIFIER = com.mfa.hw5;
				PRODUCT_NAME = "$(TARGET_NAME)";
				SWIFT_VERSION = 5.0;
				TARGETED_DEVICE_FAMILY = "1,2";
			};
			name = Debug;
		};
		539E475E2499BED6006707E9 /* Release */ = {
			isa = XCBuildConfiguration;
			buildSettings = {
				ASSETCATALOG_COMPILER_APPICON_NAME = AppIcon;
				CODE_SIGN_STYLE = Automatic;
				DEVELOPMENT_ASSET_PATHS = "\"hw5/Preview Content\"";
				ENABLE_PREVIEWS = YES;
				INFOPLIST_FILE = hw5/Info.plist;
				LD_RUNPATH_SEARCH_PATHS = (
					"$(inherited)",
					"@executable_path/Frameworks",
				);
				PRODUCT_BUNDLE_IDENTIFIER = com.mfa.hw5;
				PRODUCT_NAME = "$(TARGET_NAME)";
				SWIFT_VERSION = 5.0;
				TARGETED_DEVICE_FAMILY = "1,2";
			};
			name = Release;
		};
/* End XCBuildConfiguration section */

/* Begin XCConfigurationList section */
		539E47432499BED3006707E9 /* Build configuration list for PBXProject "hw5" */ = {
			isa = XCConfigurationList;
			buildConfigurations = (
				539E475A2499BED6006707E9 /* Debug */,
				539E475B2499BED6006707E9 /* Release */,
			);
			defaultConfigurationIsVisible = 0;
			defaultConfigurationName = Release;
		};
		539E475C2499BED6006707E9 /* Build configuration list for PBXNativeTarget "hw5" */ = {
			isa = XCConfigurationList;
			buildConfigurations = (
				539E475D2499BED6006707E9 /* Debug */,
				539E475E2499BED6006707E9 /* Release */,
			);
			defaultConfigurationIsVisible = 0;
			defaultConfigurationName = Release;
		};
/* End XCConfigurationList section */

/* Begin XCRemoteSwiftPackageReference section */
		539E47692499C2CF006707E9 /* XCRemoteSwiftPackageReference "Kingfisher" */ = {
			isa = XCRemoteSwiftPackageReference;
			repositoryURL = "https://github.com/onevcat/Kingfisher";
			requirement = {
				kind = upToNextMajorVersion;
				minimumVersion = 5.14.0;
			};
		};
/* End XCRemoteSwiftPackageReference section */

/* Begin XCSwiftPackageProductDependency section */
		539E476A2499C2CF006707E9 /* KingfisherStatic */ = {
			isa = XCSwiftPackageProductDependency;
			package = 539E47692499C2CF006707E9 /* XCRemoteSwiftPackageReference "Kingfisher" */;
			productName = KingfisherStatic;
		};
		539E476C2499C2CF006707E9 /* KingfisherSwiftUIStatic */ = {
			isa = XCSwiftPackageProductDependency;
			package = 539E47692499C2CF006707E9 /* XCRemoteSwiftPackageReference "Kingfisher" */;
			productName = KingfisherSwiftUIStatic;
		};
		539E476E2499C2CF006707E9 /* KingfisherDynamic */ = {
			isa = XCSwiftPackageProductDependency;
			package = 539E47692499C2CF006707E9 /* XCRemoteSwiftPackageReference "Kingfisher" */;
			productName = KingfisherDynamic;
		};
		539E47712499C2CF006707E9 /* Kingfisher */ = {
			isa = XCSwiftPackageProductDependency;
			package = 539E47692499C2CF006707E9 /* XCRemoteSwiftPackageReference "Kingfisher" */;
			productName = Kingfisher;
		};
		539E47732499C2CF006707E9 /* KingfisherSwiftUIDynamic */ = {
			isa = XCSwiftPackageProductDependency;
			package = 539E47692499C2CF006707E9 /* XCRemoteSwiftPackageReference "Kingfisher" */;
			productName = KingfisherSwiftUIDynamic;
		};
		539E47762499C2CF006707E9 /* KingfisherSwiftUI */ = {
			isa = XCSwiftPackageProductDependency;
			package = 539E47692499C2CF006707E9 /* XCRemoteSwiftPackageReference "Kingfisher" */;
			productName = KingfisherSwiftUI;
		};
/* End XCSwiftPackageProductDependency section */
	};
	rootObject = 539E47402499BED3006707E9 /* Project object */;
}
